
Microsoft Visual Studio Solution File, Format Version 12.00
# Visual Studio Version 17
VisualStudioVersion = 17.11.35219.272
MinimumVisualStudioVersion = 10.0.40219.1
Project("{8BC9CEB8-8B4A-11D0-8D11-00A0C91BC942}") = "Problems-11-to-15", "Problems-11-to-15\Problems-11-to-15.vcxproj", "{E25A814B-329C-43DE-938A-D18C4C165530}"
EndProject
Project("{8BC9CEB8-8B4A-11D0-8D11-00A0C91BC942}") = "Problems-16-to-20", "Problems-16-to-20\Problems-16-to-20.vcxproj", "{CB41C08E-FBB3-4F12-90C4-5BCF5C3E6CF4}"
EndProject
Project("{8BC9CEB8-8B4A-11D0-8D11-00A0C91BC942}") = "Problems-26-to-30", "Problems-26-to-30\Problems-26-to-30.vcxproj", "{2C298AED-BB76-4FA1-879C-6A127D1038CF}"
EndProject
Project("{8BC9CEB8-8B4A-11D0-8D11-00A0C91BC942}") = "Problems-31-to-35", "Problems-31-to-35\Problems-31-to-35.vcxproj", "{6749F994-ECBD-4C7E-8603-2116D4E0A081}"
EndProject
Project("{8BC9CEB8-8B4A-11D0-8D11-00A0C91BC942}") = "Problems-36-to-40", "Problems-36-to-40\Problems-36-to-40.vcxproj", "{227C7781-6010-4DDD-ABF6-34871D8CA504}"
EndProject
Project("{8BC9CEB8-8B4A-11D0-8D11-00A0C91BC942}") = "Problems-46-to-50", "Problems-46-to-50\Problems-46-to-50.vcxproj", "{5E8BE974-83B5-4BC0-9E80-AEB6F2E3091B}"
EndProject
Global
	GlobalSection(SolutionConfigurationPlatforms) = preSolution
		Debug|x64 = Debug|x64
		Debug|x86 = Debug|x86
		Release|x64 = Release|x64
		Release|x86 = Release|x86
	EndGlobalSection
	GlobalSection(ProjectConfigurationPlatforms) = postSolution
		{E25A814B-329C-43DE-938A-D18C4C165530}.Debug|x64.ActiveCfg = Debug|x64
		{E25A814B-329C-43DE-938A-D18C4C165530}.Debug|x64.Build.0 = Debug|x64
		{E25A814B-329C-43DE-938A-D18C4C165530}.Debug|x86.ActiveCfg = Debug|Win32
		{E25A814B-329C-43DE-938A-D18C4C165530}.Debug|x86.Build.0 = Debug|Win32
		{E25A814B-329C-43DE-938A-D18C4C165530}.Release|x64.ActiveCfg = Release|x64
		{E25A814B-329C-43DE-938A-D18C4C165530}.Release|x64.Build.0 = Release|x64
		{E25A814B-329C-43DE-938A-D18C4C165530}.Release|x86.ActiveCfg = Release|Win32
		{E25A814B-329C-43DE-938A-D18C4C165530}.Release|x86.Build.0 = Release|Win32
		{CB41C08E-FBB3-4F12-90C4-5BCF5C3E6CF4}.Debug|x64.ActiveCfg = Debug|x64
		{CB41C08E-FBB3-4F12-90C4-5BCF5C3E6CF4}.Debug|x64.Build.0 = Debug|x64
		{CB41C08E-FBB3-4F12-90C4-5BCF5C3E6CF4}.Debug|x86.ActiveCfg = Debug|Win32
		{CB41C08E-FBB3-4F12-90C4-5BCF5C3E6CF4}.Debug|x86.Build.0 = Debug|Win32
		{CB41C08E-FBB3-4F12-90C4-5BCF5C3E6CF4}.Release|x64.ActiveCfg = Release|x64
		{CB41C08E-FBB3-4F12-90C4-5BCF5C3E6CF4}.Release|x64.Build.0 = Release|x64
		{CB41C08E-FBB3-4F12-90C4-5BCF5C3E6CF4}.Release|x86.ActiveCfg = Release|Win32
		{CB41C08E-FBB3-4F12-90C4-5BCF5C3E6CF4}.Release|x86.Build.0 = Release|Win32
		{2C298AED-BB76-4FA1-879C-6A127D1038CF}.Debug|x64.ActiveCfg = Debug|x64
		{2C298AED-BB76-4FA1-879C-6A127D1038CF}.Debug|x64.Build.0 = Debug|x64
		{2C298AED-BB76-4FA1-879C-6A127D1038CF}.Debug|x86.ActiveCfg = Debug|Win32
		{2C298AED-BB76-4FA1-879C-6A127D1038CF}.Debug|x86.Build.0 = Debug|Win32
		{2C298AED-BB76-4FA1-879C-6A127D1038CF}.Release|x64.ActiveCfg = Release|x64
		{2C298AED-BB76-4FA1-879C-6A127D1038CF}.Release|x64.Build.0 = Release|x64
		{2C298AED-BB76-4FA1-879C-6A127D1038CF}.Release|x86.ActiveCfg = Release|Win32
		{2C298AED-BB76-4FA1-879C-6A127D1038CF}.Release|x86.Build.0 = Release|Win32
		{6749F994-ECBD-4C7E-8603-2116D4E0A081}.Debug|x64.ActiveCfg = Debug|x64
		{6749F994-ECBD-4C7E-8603-2116D4E0A081}.Debug|x64.Build.0 = Debug|x64
		{6749F994-ECBD-4C7E-8603-2116D4E0A081}.Debug|x86.ActiveCfg = Debug|Win32
		{6749F994-ECBD-4C7E-8603-2116D4E0A081}.Debug|x86.Build.0 = Debug|Win32
		{6749F994-ECBD-4C7E-8603-2116D4E0A081}.Release|x64.ActiveCfg = Release|x64
		{6749F994-ECBD-4C7E-8603-2116D4E0A081}.Release|x64.Build.0 = Release|x64
		{6749F994-ECBD-4C7E-8603-2116D4E0A081}.Release|x86.ActiveCfg = Release|Win32
		{6749F994-ECBD-4C7E-8603-2116D4E0A081}.Release|x86.Build.0 = Release|Win32
		{227C7781-6010-4DDD-ABF6-34871D8CA504}.Debug|x64.ActiveCfg = Debug|x64
		{227C7781-6010-4DDD-ABF6-34871D8CA504}.Debug|x64.Build.0 = Debug|x64
		{227C7781-6010-4DDD-ABF6-34871D8CA504}.Debug|x86.ActiveCfg = Debug|Win32
		{227C7781-6010-4DDD-ABF6-34871D8CA504}.Debug|x86.Build.0 = Debug|Win32
		{227C7781-6010-4DDD-ABF6-34871D8CA504}.Release|x64.ActiveCfg = Release|x64
		{227C7781-6010-4DDD-ABF6-34871D8CA504}.Release|x64.Build.0 = Release|x64
		{227C7781-6010-4DDD-ABF6-34871D8CA504}.Release|x86.ActiveCfg = Release|Win32
		{227C7781-6010-4DDD-ABF6-34871D8CA504}.Release|x86.Build.0 = Release|Win32
		{5E8BE974-83B5-4BC0-9E80-AEB6F2E3091B}.Debug|x64.ActiveCfg = Debug|x64
		{5E8BE974-83B5-4BC0-9E80-AEB6F2E3091B}.Debug|x64.Build.0 = Debug|x64
		{5E8BE974-83B5-4BC0-9E80-AEB6F2E3091B}.Debug|x86.ActiveCfg = Debug|Win32
		{5E8BE974-83B5-4BC0-9E80-AEB6F2E3091B}.Debug|x86.Build.0 = Debug|Win32
		{5E8BE974-83B5-4BC0-9E80-AEB6F2E3091B}.Release|x64.ActiveCfg = Release|x64
		{5E8BE974-83B5-4BC0-9E80-AEB6F2E3091B}.Release|x64.Build.0 = Release|x64
		{5E8BE974-83B5-4BC0-9E80-AEB6F2E3091B}.Release|x86.ActiveCfg = Release|Win32
		{5E8BE974-83B5-4BC0-9E80-AEB6F2E3091B}.Release|x86.Build.0 = Release|Win32
	EndGlobalSection
	GlobalSection(SolutionProperties) = preSolution
		HideSolutionNode = FALSE
	EndGlobalSection
	GlobalSection(ExtensibilityGlobals) = postSolution
		SolutionGuid = {866E7CC2-7299-4AF0-ABF5-EE5CE1B29A62}
	EndGlobalSection
EndGlobal
