
Microsoft Visual Studio Solution File, Format Version 12.00
# Visual Studio Version 17
VisualStudioVersion = 17.13.35919.96
MinimumVisualStudioVersion = 10.0.40219.1
Project("{8BC9CEB8-8B4A-11D0-8D11-00A0C91BC942}") = "Problem01-NumberToText", "Problem01-NumberToText\Problem01-NumberToText.vcxproj", "{C4DA8899-24C1-4580-BA24-9A6E4AAD6A54}"
EndProject
Project("{8BC9CEB8-8B4A-11D0-8D11-00A0C91BC942}") = "Problem02-LeapYear", "Problem02-LeapYear\Problem02-LeapYear.vcxproj", "{C44AB770-6A43-48AF-9099-74F421E556FD}"
EndProject
Project("{8BC9CEB8-8B4A-11D0-8D11-00A0C91BC942}") = "Problem03-LeapYear1Line", "Problem03-LeapYear1Line\Problem03-LeapYear1Line.vcxproj", "{C783FB79-922D-4E26-8CBE-C26327E8F0FB}"
EndProject
Project("{8BC9CEB8-8B4A-11D0-8D11-00A0C91BC942}") = "Problem04-DaysHoursMinutesSecondsInYear", "Problem04-DaysHoursMinutesSecondsInYear\Problem04-DaysHoursMinutesSecondsInYear.vcxproj", "{CC4571F5-DCD7-4AAB-A4C3-0070B7690B03}"
EndProject
Project("{8BC9CEB8-8B4A-11D0-8D11-00A0C91BC942}") = "Problem05-DaysHourMinsInMonthYear", "Problem05-DaysHourMinsInMonthYear\Problem05-DaysHourMinsInMonthYear.vcxproj", "{FBA319D9-D9DF-4495-BEFC-767E790D0ACD}"
EndProject
Project("{8BC9CEB8-8B4A-11D0-8D11-00A0C91BC942}") = "Problem06-NumberOfDaysInMonthV2", "Problem06-NumberOfDaysInMonthV2\Problem06-NumberOfDaysInMonthV2.vcxproj", "{53AA1BB5-80F1-47C2-A53D-5E0E69EFC636}"
EndProject
Project("{8BC9CEB8-8B4A-11D0-8D11-00A0C91BC942}") = "Problem07-DayNameAndOrderFormADate", "Problem07-DayNameAndOrderFormADate\Problem07-DayNameAndOrderFormADate.vcxproj", "{79651D33-C08C-4E09-AA11-29F468493124}"
EndProject
Project("{8BC9CEB8-8B4A-11D0-8D11-00A0C91BC942}") = "Problem08-MonthCalendar", "Problem08-MonthCalendar\Problem08-MonthCalendar.vcxproj", "{260B7BCB-9BED-4E3D-90E0-DEFE62482D40}"
EndProject
Project("{8BC9CEB8-8B4A-11D0-8D11-00A0C91BC942}") = "Problem09-YearCalender", "Problem09-YearCalender\Problem09-YearCalender.vcxproj", "{0BAD93D1-6D74-48A6-84F8-ED8981926022}"
EndProject
Project("{8BC9CEB8-8B4A-11D0-8D11-00A0C91BC942}") = "Problem10-DaysPassedFromBeginningOfYear", "Problem10-DaysPassedFromBeginningOfYear\Problem10-DaysPassedFromBeginningOfYear.vcxproj", "{463BC599-9FF1-4139-BDEA-E6500368FD67}"
EndProject
Project("{8BC9CEB8-8B4A-11D0-8D11-00A0C91BC942}") = "Problem11-ConverTotalDaysToDate", "Problem11-ConverTotalDaysToDate\Problem11-ConverTotalDaysToDate.vcxproj", "{47067BB2-AF1F-4A94-886B-1944AEE273DD}"
EndProject
Project("{8BC9CEB8-8B4A-11D0-8D11-00A0C91BC942}") = "Problem12-AddDaysToDate", "Problem12-AddDaysToDate\Problem12-AddDaysToDate.vcxproj", "{AB9E6F8D-84AA-4C0D-A1E4-A8B2861D02BB}"
EndProject
Project("{8BC9CEB8-8B4A-11D0-8D11-00A0C91BC942}") = "Problem13-Date1LessthanDate2", "Problem13-Date1LessthanDate2\Problem13-Date1LessthanDate2.vcxproj", "{5EB70BB7-6BCE-4361-9303-4C3C22CBDFD5}"
EndProject
Project("{8BC9CEB8-8B4A-11D0-8D11-00A0C91BC942}") = "Problem14-DateEqualsToDate", "Problem14-DateEqualsToDate\Problem14-DateEqualsToDate.vcxproj", "{562F2CBC-7853-4F68-88F3-258641F3ADE2}"
EndProject
Project("{8BC9CEB8-8B4A-11D0-8D11-00A0C91BC942}") = "Problem15-LastDayLastMonth", "Problem15-LastDayLastMonth\Problem15-LastDayLastMonth.vcxproj", "{EF2CE5BE-DF51-415D-AAE7-4AC9F71583FE}"
EndProject
Project("{8BC9CEB8-8B4A-11D0-8D11-00A0C91BC942}") = "Problem16-IncreaseDateByOneDay", "Problem16-IncreaseDateByOneDay\Problem16-IncreaseDateByOneDay.vcxproj", "{9DB25D0A-68B0-4E13-B5E3-FA3B9B7A314E}"
EndProject
Project("{8BC9CEB8-8B4A-11D0-8D11-00A0C91BC942}") = "Problem17-DayDifferenceBetween2Dates", "Problem17-DayDifferenceBetween2Dates\Problem17-DayDifferenceBetween2Dates.vcxproj", "{7D051A9F-B428-4C8A-86F1-F114C382FCFF}"
EndProject
Project("{8BC9CEB8-8B4A-11D0-8D11-00A0C91BC942}") = "Problem18-CalculateYourAgeInDays", "Problem18-CalculateYourAgeInDays\Problem18-CalculateYourAgeInDays.vcxproj", "{20E98FD0-2568-4BB2-9AE0-48753EA998EE}"
EndProject
Project("{8BC9CEB8-8B4A-11D0-8D11-00A0C91BC942}") = "Problem19-DayDifferenceNegative", "Problem19-DayDifferenceNegative\Problem19-DayDifferenceNegative.vcxproj", "{59DDA49D-3980-46E3-8D1C-AD92334BBFD2}"
EndProject
Project("{8BC9CEB8-8B4A-11D0-8D11-00A0C91BC942}") = "Problem20_32-IncreaseDateProblems", "Problems20_32-IncreaseDateProblems\Problems20_32-IncreaseDateProblems.vcxproj", "{44BEE3FB-B101-4FDB-8FD4-0A56FE213ACA}"
EndProject
Project("{8BC9CEB8-8B4A-11D0-8D11-00A0C91BC942}") = "Problem33_46-DecreaseDateProblems", "Problems33_46-DecreaseDateProblems\Problems33_46-DecreaseDateProblems.vcxproj", "{249E69E1-F978-4198-B538-5978F8FF8B52}"
EndProject
Project("{8BC9CEB8-8B4A-11D0-8D11-00A0C91BC942}") = "Problem47_53-MoreDateProblems", "Problems47_53-MoreDateProblems\Problems47_53-MoreDateProblems.vcxproj", "{CE2B3760-6EBF-4015-8FB9-30D0F97BFCC5}"
EndProject
Project("{8BC9CEB8-8B4A-11D0-8D11-00A0C91BC942}") = "Problem54-VacationDayCalculator", "Problem54-VacationDayCalculator\Problem54-VacationDayCalculator.vcxproj", "{921CD202-692F-4668-B3AB-E79BDE03F93D}"
EndProject
Project("{8BC9CEB8-8B4A-11D0-8D11-00A0C91BC942}") = "Problem55-VacationDurationCalculatorr", "Problem55-VacationDurationCalculatorr\Problem55-VacationDurationCalculatorr.vcxproj", "{F99B7286-2AAE-4ED6-BE2A-CD6D6DB2BFCD}"
EndProject
Project("{8BC9CEB8-8B4A-11D0-8D11-00A0C91BC942}") = "Problem56-IsDate1AfterDate2", "Problem56-IsDate1AfterDate2\Problem56-IsDate1AfterDate2.vcxproj", "{9954F151-3352-4BE0-A83A-CB5CBE1FEA92}"
EndProject
Project("{8BC9CEB8-8B4A-11D0-8D11-00A0C91BC942}") = "Problem57-CompareDate", "Problem57-CompareDate\Problem57-CompareDate.vcxproj", "{4C8DC0E0-B9BC-46CA-AF55-917040A750D9}"
EndProject
Project("{8BC9CEB8-8B4A-11D0-8D11-00A0C91BC942}") = "Problem58-DateOverlap", "Problem58-DateOverlap\Problem58-DateOverlap.vcxproj", "{0B44893D-7798-4657-BFA5-10860578BAF8}"
EndProject
Project("{8BC9CEB8-8B4A-11D0-8D11-00A0C91BC942}") = "Problem59-PeriodLength", "Problem59-PeriodLength\Problem59-PeriodLength.vcxproj", "{03BD6FF9-676D-4E0C-9F8E-530122841DA7}"
EndProject
Project("{8BC9CEB8-8B4A-11D0-8D11-00A0C91BC942}") = "Problem60-IsDateInPeriod", "Problem60-IsDateInPeriod\Problem60-IsDateInPeriod.vcxproj", "{9ED2FC1F-8AB6-4818-AD97-091F6D2AB915}"
EndProject
Project("{8BC9CEB8-8B4A-11D0-8D11-00A0C91BC942}") = "Problem61-CountOverlapDays", "Problem61-CountOverlapDays\Problem61-CountOverlapDays.vcxproj", "{09E30F27-3A64-4EEC-B5A5-93484568948A}"
EndProject
Project("{8BC9CEB8-8B4A-11D0-8D11-00A0C91BC942}") = "Problem62-ValidateDate", "Problem62-ValidateDate\Problem62-ValidateDate.vcxproj", "{8232DE21-E3E6-4C20-822C-96111EF36436}"
EndProject
Project("{8BC9CEB8-8B4A-11D0-8D11-00A0C91BC942}") = "Problem63_64-StringToDate-ViceVersa", "Problem63_64-StringToDate-ViceVersa\Problem63_64-StringToDate-ViceVersa.vcxproj", "{57C62960-91B4-4A9B-93C3-277E11555CF0}"
EndProject
Project("{8BC9CEB8-8B4A-11D0-8D11-00A0C91BC942}") = "Problem65-FormatDate", "Problem65-FormatDate\Problem65-FormatDate.vcxproj", "{08B9C329-7D22-4A28-9368-F7AE0F053C99}"
EndProject
Project("{2150E333-8FDC-42A3-9474-1A3956D46DE8}") = "Projects", "Projects", "{02EA681E-C7D8-13C7-8484-4AC65E1B71E8}"
EndProject
Project("{2150E333-8FDC-42A3-9474-1A3956D46DE8}") = "Problems 01 - 10", "Problems 01 - 10", "{0D668D40-5389-4E58-94CC-15B5FED7D647}"
EndProject
Project("{2150E333-8FDC-42A3-9474-1A3956D46DE8}") = "Problems 11 - 19", "Problems 11 - 19", "{19A02923-F006-40F5-8C53-68FAC135AD2D}"
EndProject
Project("{2150E333-8FDC-42A3-9474-1A3956D46DE8}") = "Problems 20 - 55", "Problems 20 - 55", "{FD7B1380-1D5C-403B-9771-92532DB0C415}"
EndProject
Project("{2150E333-8FDC-42A3-9474-1A3956D46DE8}") = "Problems 56 - 65", "Problems 56 - 65", "{33D4791C-AE00-47DE-9D92-D35E5199DD3C}"
EndProject
Project("{8BC9CEB8-8B4A-11D0-8D11-00A0C91BC942}") = "BankV3-Extension", "BankV3-Extension\BankV3-Extension.vcxproj.vcxproj", "{A21DE88F-98C6-4802-BE80-C829482DBDD2}"
EndProject
Global
	GlobalSection(SolutionConfigurationPlatforms) = preSolution
		Debug|x64 = Debug|x64
		Debug|x86 = Debug|x86
		Release|x64 = Release|x64
		Release|x86 = Release|x86
	EndGlobalSection
	GlobalSection(ProjectConfigurationPlatforms) = postSolution
		{C4DA8899-24C1-4580-BA24-9A6E4AAD6A54}.Debug|x64.ActiveCfg = Debug|x64
		{C4DA8899-24C1-4580-BA24-9A6E4AAD6A54}.Debug|x64.Build.0 = Debug|x64
		{C4DA8899-24C1-4580-BA24-9A6E4AAD6A54}.Debug|x86.ActiveCfg = Debug|Win32
		{C4DA8899-24C1-4580-BA24-9A6E4AAD6A54}.Debug|x86.Build.0 = Debug|Win32
		{C4DA8899-24C1-4580-BA24-9A6E4AAD6A54}.Release|x64.ActiveCfg = Release|x64
		{C4DA8899-24C1-4580-BA24-9A6E4AAD6A54}.Release|x64.Build.0 = Release|x64
		{C4DA8899-24C1-4580-BA24-9A6E4AAD6A54}.Release|x86.ActiveCfg = Release|Win32
		{C4DA8899-24C1-4580-BA24-9A6E4AAD6A54}.Release|x86.Build.0 = Release|Win32
		{C44AB770-6A43-48AF-9099-74F421E556FD}.Debug|x64.ActiveCfg = Debug|x64
		{C44AB770-6A43-48AF-9099-74F421E556FD}.Debug|x64.Build.0 = Debug|x64
		{C44AB770-6A43-48AF-9099-74F421E556FD}.Debug|x86.ActiveCfg = Debug|Win32
		{C44AB770-6A43-48AF-9099-74F421E556FD}.Debug|x86.Build.0 = Debug|Win32
		{C44AB770-6A43-48AF-9099-74F421E556FD}.Release|x64.ActiveCfg = Release|x64
		{C44AB770-6A43-48AF-9099-74F421E556FD}.Release|x64.Build.0 = Release|x64
		{C44AB770-6A43-48AF-9099-74F421E556FD}.Release|x86.ActiveCfg = Release|Win32
		{C44AB770-6A43-48AF-9099-74F421E556FD}.Release|x86.Build.0 = Release|Win32
		{C783FB79-922D-4E26-8CBE-C26327E8F0FB}.Debug|x64.ActiveCfg = Debug|x64
		{C783FB79-922D-4E26-8CBE-C26327E8F0FB}.Debug|x64.Build.0 = Debug|x64
		{C783FB79-922D-4E26-8CBE-C26327E8F0FB}.Debug|x86.ActiveCfg = Debug|Win32
		{C783FB79-922D-4E26-8CBE-C26327E8F0FB}.Debug|x86.Build.0 = Debug|Win32
		{C783FB79-922D-4E26-8CBE-C26327E8F0FB}.Release|x64.ActiveCfg = Release|x64
		{C783FB79-922D-4E26-8CBE-C26327E8F0FB}.Release|x64.Build.0 = Release|x64
		{C783FB79-922D-4E26-8CBE-C26327E8F0FB}.Release|x86.ActiveCfg = Release|Win32
		{C783FB79-922D-4E26-8CBE-C26327E8F0FB}.Release|x86.Build.0 = Release|Win32
		{CC4571F5-DCD7-4AAB-A4C3-0070B7690B03}.Debug|x64.ActiveCfg = Debug|x64
		{CC4571F5-DCD7-4AAB-A4C3-0070B7690B03}.Debug|x64.Build.0 = Debug|x64
		{CC4571F5-DCD7-4AAB-A4C3-0070B7690B03}.Debug|x86.ActiveCfg = Debug|Win32
		{CC4571F5-DCD7-4AAB-A4C3-0070B7690B03}.Debug|x86.Build.0 = Debug|Win32
		{CC4571F5-DCD7-4AAB-A4C3-0070B7690B03}.Release|x64.ActiveCfg = Release|x64
		{CC4571F5-DCD7-4AAB-A4C3-0070B7690B03}.Release|x64.Build.0 = Release|x64
		{CC4571F5-DCD7-4AAB-A4C3-0070B7690B03}.Release|x86.ActiveCfg = Release|Win32
		{CC4571F5-DCD7-4AAB-A4C3-0070B7690B03}.Release|x86.Build.0 = Release|Win32
		{FBA319D9-D9DF-4495-BEFC-767E790D0ACD}.Debug|x64.ActiveCfg = Debug|x64
		{FBA319D9-D9DF-4495-BEFC-767E790D0ACD}.Debug|x64.Build.0 = Debug|x64
		{FBA319D9-D9DF-4495-BEFC-767E790D0ACD}.Debug|x86.ActiveCfg = Debug|Win32
		{FBA319D9-D9DF-4495-BEFC-767E790D0ACD}.Debug|x86.Build.0 = Debug|Win32
		{FBA319D9-D9DF-4495-BEFC-767E790D0ACD}.Release|x64.ActiveCfg = Release|x64
		{FBA319D9-D9DF-4495-BEFC-767E790D0ACD}.Release|x64.Build.0 = Release|x64
		{FBA319D9-D9DF-4495-BEFC-767E790D0ACD}.Release|x86.ActiveCfg = Release|Win32
		{FBA319D9-D9DF-4495-BEFC-767E790D0ACD}.Release|x86.Build.0 = Release|Win32
		{53AA1BB5-80F1-47C2-A53D-5E0E69EFC636}.Debug|x64.ActiveCfg = Debug|x64
		{53AA1BB5-80F1-47C2-A53D-5E0E69EFC636}.Debug|x64.Build.0 = Debug|x64
		{53AA1BB5-80F1-47C2-A53D-5E0E69EFC636}.Debug|x86.ActiveCfg = Debug|Win32
		{53AA1BB5-80F1-47C2-A53D-5E0E69EFC636}.Debug|x86.Build.0 = Debug|Win32
		{53AA1BB5-80F1-47C2-A53D-5E0E69EFC636}.Release|x64.ActiveCfg = Release|x64
		{53AA1BB5-80F1-47C2-A53D-5E0E69EFC636}.Release|x64.Build.0 = Release|x64
		{53AA1BB5-80F1-47C2-A53D-5E0E69EFC636}.Release|x86.ActiveCfg = Release|Win32
		{53AA1BB5-80F1-47C2-A53D-5E0E69EFC636}.Release|x86.Build.0 = Release|Win32
		{79651D33-C08C-4E09-AA11-29F468493124}.Debug|x64.ActiveCfg = Debug|x64
		{79651D33-C08C-4E09-AA11-29F468493124}.Debug|x64.Build.0 = Debug|x64
		{79651D33-C08C-4E09-AA11-29F468493124}.Debug|x86.ActiveCfg = Debug|Win32
		{79651D33-C08C-4E09-AA11-29F468493124}.Debug|x86.Build.0 = Debug|Win32
		{79651D33-C08C-4E09-AA11-29F468493124}.Release|x64.ActiveCfg = Release|x64
		{79651D33-C08C-4E09-AA11-29F468493124}.Release|x64.Build.0 = Release|x64
		{79651D33-C08C-4E09-AA11-29F468493124}.Release|x86.ActiveCfg = Release|Win32
		{79651D33-C08C-4E09-AA11-29F468493124}.Release|x86.Build.0 = Release|Win32
		{260B7BCB-9BED-4E3D-90E0-DEFE62482D40}.Debug|x64.ActiveCfg = Debug|x64
		{260B7BCB-9BED-4E3D-90E0-DEFE62482D40}.Debug|x64.Build.0 = Debug|x64
		{260B7BCB-9BED-4E3D-90E0-DEFE62482D40}.Debug|x86.ActiveCfg = Debug|Win32
		{260B7BCB-9BED-4E3D-90E0-DEFE62482D40}.Debug|x86.Build.0 = Debug|Win32
		{260B7BCB-9BED-4E3D-90E0-DEFE62482D40}.Release|x64.ActiveCfg = Release|x64
		{260B7BCB-9BED-4E3D-90E0-DEFE62482D40}.Release|x64.Build.0 = Release|x64
		{260B7BCB-9BED-4E3D-90E0-DEFE62482D40}.Release|x86.ActiveCfg = Release|Win32
		{260B7BCB-9BED-4E3D-90E0-DEFE62482D40}.Release|x86.Build.0 = Release|Win32
		{0BAD93D1-6D74-48A6-84F8-ED8981926022}.Debug|x64.ActiveCfg = Debug|x64
		{0BAD93D1-6D74-48A6-84F8-ED8981926022}.Debug|x64.Build.0 = Debug|x64
		{0BAD93D1-6D74-48A6-84F8-ED8981926022}.Debug|x86.ActiveCfg = Debug|Win32
		{0BAD93D1-6D74-48A6-84F8-ED8981926022}.Debug|x86.Build.0 = Debug|Win32
		{0BAD93D1-6D74-48A6-84F8-ED8981926022}.Release|x64.ActiveCfg = Release|x64
		{0BAD93D1-6D74-48A6-84F8-ED8981926022}.Release|x64.Build.0 = Release|x64
		{0BAD93D1-6D74-48A6-84F8-ED8981926022}.Release|x86.ActiveCfg = Release|Win32
		{0BAD93D1-6D74-48A6-84F8-ED8981926022}.Release|x86.Build.0 = Release|Win32
		{463BC599-9FF1-4139-BDEA-E6500368FD67}.Debug|x64.ActiveCfg = Debug|x64
		{463BC599-9FF1-4139-BDEA-E6500368FD67}.Debug|x64.Build.0 = Debug|x64
		{463BC599-9FF1-4139-BDEA-E6500368FD67}.Debug|x86.ActiveCfg = Debug|Win32
		{463BC599-9FF1-4139-BDEA-E6500368FD67}.Debug|x86.Build.0 = Debug|Win32
		{463BC599-9FF1-4139-BDEA-E6500368FD67}.Release|x64.ActiveCfg = Release|x64
		{463BC599-9FF1-4139-BDEA-E6500368FD67}.Release|x64.Build.0 = Release|x64
		{463BC599-9FF1-4139-BDEA-E6500368FD67}.Release|x86.ActiveCfg = Release|Win32
		{463BC599-9FF1-4139-BDEA-E6500368FD67}.Release|x86.Build.0 = Release|Win32
		{47067BB2-AF1F-4A94-886B-1944AEE273DD}.Debug|x64.ActiveCfg = Debug|x64
		{47067BB2-AF1F-4A94-886B-1944AEE273DD}.Debug|x64.Build.0 = Debug|x64
		{47067BB2-AF1F-4A94-886B-1944AEE273DD}.Debug|x86.ActiveCfg = Debug|Win32
		{47067BB2-AF1F-4A94-886B-1944AEE273DD}.Debug|x86.Build.0 = Debug|Win32
		{47067BB2-AF1F-4A94-886B-1944AEE273DD}.Release|x64.ActiveCfg = Release|x64
		{47067BB2-AF1F-4A94-886B-1944AEE273DD}.Release|x64.Build.0 = Release|x64
		{47067BB2-AF1F-4A94-886B-1944AEE273DD}.Release|x86.ActiveCfg = Release|Win32
		{47067BB2-AF1F-4A94-886B-1944AEE273DD}.Release|x86.Build.0 = Release|Win32
		{AB9E6F8D-84AA-4C0D-A1E4-A8B2861D02BB}.Debug|x64.ActiveCfg = Debug|x64
		{AB9E6F8D-84AA-4C0D-A1E4-A8B2861D02BB}.Debug|x64.Build.0 = Debug|x64
		{AB9E6F8D-84AA-4C0D-A1E4-A8B2861D02BB}.Debug|x86.ActiveCfg = Debug|Win32
		{AB9E6F8D-84AA-4C0D-A1E4-A8B2861D02BB}.Debug|x86.Build.0 = Debug|Win32
		{AB9E6F8D-84AA-4C0D-A1E4-A8B2861D02BB}.Release|x64.ActiveCfg = Release|x64
		{AB9E6F8D-84AA-4C0D-A1E4-A8B2861D02BB}.Release|x64.Build.0 = Release|x64
		{AB9E6F8D-84AA-4C0D-A1E4-A8B2861D02BB}.Release|x86.ActiveCfg = Release|Win32
		{AB9E6F8D-84AA-4C0D-A1E4-A8B2861D02BB}.Release|x86.Build.0 = Release|Win32
		{5EB70BB7-6BCE-4361-9303-4C3C22CBDFD5}.Debug|x64.ActiveCfg = Debug|x64
		{5EB70BB7-6BCE-4361-9303-4C3C22CBDFD5}.Debug|x64.Build.0 = Debug|x64
		{5EB70BB7-6BCE-4361-9303-4C3C22CBDFD5}.Debug|x86.ActiveCfg = Debug|Win32
		{5EB70BB7-6BCE-4361-9303-4C3C22CBDFD5}.Debug|x86.Build.0 = Debug|Win32
		{5EB70BB7-6BCE-4361-9303-4C3C22CBDFD5}.Release|x64.ActiveCfg = Release|x64
		{5EB70BB7-6BCE-4361-9303-4C3C22CBDFD5}.Release|x64.Build.0 = Release|x64
		{5EB70BB7-6BCE-4361-9303-4C3C22CBDFD5}.Release|x86.ActiveCfg = Release|Win32
		{5EB70BB7-6BCE-4361-9303-4C3C22CBDFD5}.Release|x86.Build.0 = Release|Win32
		{562F2CBC-7853-4F68-88F3-258641F3ADE2}.Debug|x64.ActiveCfg = Debug|x64
		{562F2CBC-7853-4F68-88F3-258641F3ADE2}.Debug|x64.Build.0 = Debug|x64
		{562F2CBC-7853-4F68-88F3-258641F3ADE2}.Debug|x86.ActiveCfg = Debug|Win32
		{562F2CBC-7853-4F68-88F3-258641F3ADE2}.Debug|x86.Build.0 = Debug|Win32
		{562F2CBC-7853-4F68-88F3-258641F3ADE2}.Release|x64.ActiveCfg = Release|x64
		{562F2CBC-7853-4F68-88F3-258641F3ADE2}.Release|x64.Build.0 = Release|x64
		{562F2CBC-7853-4F68-88F3-258641F3ADE2}.Release|x86.ActiveCfg = Release|Win32
		{562F2CBC-7853-4F68-88F3-258641F3ADE2}.Release|x86.Build.0 = Release|Win32
		{EF2CE5BE-DF51-415D-AAE7-4AC9F71583FE}.Debug|x64.ActiveCfg = Debug|x64
		{EF2CE5BE-DF51-415D-AAE7-4AC9F71583FE}.Debug|x64.Build.0 = Debug|x64
		{EF2CE5BE-DF51-415D-AAE7-4AC9F71583FE}.Debug|x86.ActiveCfg = Debug|Win32
		{EF2CE5BE-DF51-415D-AAE7-4AC9F71583FE}.Debug|x86.Build.0 = Debug|Win32
		{EF2CE5BE-DF51-415D-AAE7-4AC9F71583FE}.Release|x64.ActiveCfg = Release|x64
		{EF2CE5BE-DF51-415D-AAE7-4AC9F71583FE}.Release|x64.Build.0 = Release|x64
		{EF2CE5BE-DF51-415D-AAE7-4AC9F71583FE}.Release|x86.ActiveCfg = Release|Win32
		{EF2CE5BE-DF51-415D-AAE7-4AC9F71583FE}.Release|x86.Build.0 = Release|Win32
		{9DB25D0A-68B0-4E13-B5E3-FA3B9B7A314E}.Debug|x64.ActiveCfg = Debug|x64
		{9DB25D0A-68B0-4E13-B5E3-FA3B9B7A314E}.Debug|x64.Build.0 = Debug|x64
		{9DB25D0A-68B0-4E13-B5E3-FA3B9B7A314E}.Debug|x86.ActiveCfg = Debug|Win32
		{9DB25D0A-68B0-4E13-B5E3-FA3B9B7A314E}.Debug|x86.Build.0 = Debug|Win32
		{9DB25D0A-68B0-4E13-B5E3-FA3B9B7A314E}.Release|x64.ActiveCfg = Release|x64
		{9DB25D0A-68B0-4E13-B5E3-FA3B9B7A314E}.Release|x64.Build.0 = Release|x64
		{9DB25D0A-68B0-4E13-B5E3-FA3B9B7A314E}.Release|x86.ActiveCfg = Release|Win32
		{9DB25D0A-68B0-4E13-B5E3-FA3B9B7A314E}.Release|x86.Build.0 = Release|Win32
		{7D051A9F-B428-4C8A-86F1-F114C382FCFF}.Debug|x64.ActiveCfg = Debug|x64
		{7D051A9F-B428-4C8A-86F1-F114C382FCFF}.Debug|x64.Build.0 = Debug|x64
		{7D051A9F-B428-4C8A-86F1-F114C382FCFF}.Debug|x86.ActiveCfg = Debug|Win32
		{7D051A9F-B428-4C8A-86F1-F114C382FCFF}.Debug|x86.Build.0 = Debug|Win32
		{7D051A9F-B428-4C8A-86F1-F114C382FCFF}.Release|x64.ActiveCfg = Release|x64
		{7D051A9F-B428-4C8A-86F1-F114C382FCFF}.Release|x64.Build.0 = Release|x64
		{7D051A9F-B428-4C8A-86F1-F114C382FCFF}.Release|x86.ActiveCfg = Release|Win32
		{7D051A9F-B428-4C8A-86F1-F114C382FCFF}.Release|x86.Build.0 = Release|Win32
		{20E98FD0-2568-4BB2-9AE0-48753EA998EE}.Debug|x64.ActiveCfg = Debug|x64
		{20E98FD0-2568-4BB2-9AE0-48753EA998EE}.Debug|x64.Build.0 = Debug|x64
		{20E98FD0-2568-4BB2-9AE0-48753EA998EE}.Debug|x86.ActiveCfg = Debug|Win32
		{20E98FD0-2568-4BB2-9AE0-48753EA998EE}.Debug|x86.Build.0 = Debug|Win32
		{20E98FD0-2568-4BB2-9AE0-48753EA998EE}.Release|x64.ActiveCfg = Release|x64
		{20E98FD0-2568-4BB2-9AE0-48753EA998EE}.Release|x64.Build.0 = Release|x64
		{20E98FD0-2568-4BB2-9AE0-48753EA998EE}.Release|x86.ActiveCfg = Release|Win32
		{20E98FD0-2568-4BB2-9AE0-48753EA998EE}.Release|x86.Build.0 = Release|Win32
		{59DDA49D-3980-46E3-8D1C-AD92334BBFD2}.Debug|x64.ActiveCfg = Debug|x64
		{59DDA49D-3980-46E3-8D1C-AD92334BBFD2}.Debug|x64.Build.0 = Debug|x64
		{59DDA49D-3980-46E3-8D1C-AD92334BBFD2}.Debug|x86.ActiveCfg = Debug|Win32
		{59DDA49D-3980-46E3-8D1C-AD92334BBFD2}.Debug|x86.Build.0 = Debug|Win32
		{59DDA49D-3980-46E3-8D1C-AD92334BBFD2}.Release|x64.ActiveCfg = Release|x64
		{59DDA49D-3980-46E3-8D1C-AD92334BBFD2}.Release|x64.Build.0 = Release|x64
		{59DDA49D-3980-46E3-8D1C-AD92334BBFD2}.Release|x86.ActiveCfg = Release|Win32
		{59DDA49D-3980-46E3-8D1C-AD92334BBFD2}.Release|x86.Build.0 = Release|Win32
		{44BEE3FB-B101-4FDB-8FD4-0A56FE213ACA}.Debug|x64.ActiveCfg = Debug|x64
		{44BEE3FB-B101-4FDB-8FD4-0A56FE213ACA}.Debug|x64.Build.0 = Debug|x64
		{44BEE3FB-B101-4FDB-8FD4-0A56FE213ACA}.Debug|x86.ActiveCfg = Debug|Win32
		{44BEE3FB-B101-4FDB-8FD4-0A56FE213ACA}.Debug|x86.Build.0 = Debug|Win32
		{44BEE3FB-B101-4FDB-8FD4-0A56FE213ACA}.Release|x64.ActiveCfg = Release|x64
		{44BEE3FB-B101-4FDB-8FD4-0A56FE213ACA}.Release|x64.Build.0 = Release|x64
		{44BEE3FB-B101-4FDB-8FD4-0A56FE213ACA}.Release|x86.ActiveCfg = Release|Win32
		{44BEE3FB-B101-4FDB-8FD4-0A56FE213ACA}.Release|x86.Build.0 = Release|Win32
		{249E69E1-F978-4198-B538-5978F8FF8B52}.Debug|x64.ActiveCfg = Debug|x64
		{249E69E1-F978-4198-B538-5978F8FF8B52}.Debug|x64.Build.0 = Debug|x64
		{249E69E1-F978-4198-B538-5978F8FF8B52}.Debug|x86.ActiveCfg = Debug|Win32
		{249E69E1-F978-4198-B538-5978F8FF8B52}.Debug|x86.Build.0 = Debug|Win32
		{249E69E1-F978-4198-B538-5978F8FF8B52}.Release|x64.ActiveCfg = Release|x64
		{249E69E1-F978-4198-B538-5978F8FF8B52}.Release|x64.Build.0 = Release|x64
		{249E69E1-F978-4198-B538-5978F8FF8B52}.Release|x86.ActiveCfg = Release|Win32
		{249E69E1-F978-4198-B538-5978F8FF8B52}.Release|x86.Build.0 = Release|Win32
		{CE2B3760-6EBF-4015-8FB9-30D0F97BFCC5}.Debug|x64.ActiveCfg = Debug|x64
		{CE2B3760-6EBF-4015-8FB9-30D0F97BFCC5}.Debug|x64.Build.0 = Debug|x64
		{CE2B3760-6EBF-4015-8FB9-30D0F97BFCC5}.Debug|x86.ActiveCfg = Debug|Win32
		{CE2B3760-6EBF-4015-8FB9-30D0F97BFCC5}.Debug|x86.Build.0 = Debug|Win32
		{CE2B3760-6EBF-4015-8FB9-30D0F97BFCC5}.Release|x64.ActiveCfg = Release|x64
		{CE2B3760-6EBF-4015-8FB9-30D0F97BFCC5}.Release|x64.Build.0 = Release|x64
		{CE2B3760-6EBF-4015-8FB9-30D0F97BFCC5}.Release|x86.ActiveCfg = Release|Win32
		{CE2B3760-6EBF-4015-8FB9-30D0F97BFCC5}.Release|x86.Build.0 = Release|Win32
		{921CD202-692F-4668-B3AB-E79BDE03F93D}.Debug|x64.ActiveCfg = Debug|x64
		{921CD202-692F-4668-B3AB-E79BDE03F93D}.Debug|x64.Build.0 = Debug|x64
		{921CD202-692F-4668-B3AB-E79BDE03F93D}.Debug|x86.ActiveCfg = Debug|Win32
		{921CD202-692F-4668-B3AB-E79BDE03F93D}.Debug|x86.Build.0 = Debug|Win32
		{921CD202-692F-4668-B3AB-E79BDE03F93D}.Release|x64.ActiveCfg = Release|x64
		{921CD202-692F-4668-B3AB-E79BDE03F93D}.Release|x64.Build.0 = Release|x64
		{921CD202-692F-4668-B3AB-E79BDE03F93D}.Release|x86.ActiveCfg = Release|Win32
		{921CD202-692F-4668-B3AB-E79BDE03F93D}.Release|x86.Build.0 = Release|Win32
		{F99B7286-2AAE-4ED6-BE2A-CD6D6DB2BFCD}.Debug|x64.ActiveCfg = Debug|x64
		{F99B7286-2AAE-4ED6-BE2A-CD6D6DB2BFCD}.Debug|x64.Build.0 = Debug|x64
		{F99B7286-2AAE-4ED6-BE2A-CD6D6DB2BFCD}.Debug|x86.ActiveCfg = Debug|Win32
		{F99B7286-2AAE-4ED6-BE2A-CD6D6DB2BFCD}.Debug|x86.Build.0 = Debug|Win32
		{F99B7286-2AAE-4ED6-BE2A-CD6D6DB2BFCD}.Release|x64.ActiveCfg = Release|x64
		{F99B7286-2AAE-4ED6-BE2A-CD6D6DB2BFCD}.Release|x64.Build.0 = Release|x64
		{F99B7286-2AAE-4ED6-BE2A-CD6D6DB2BFCD}.Release|x86.ActiveCfg = Release|Win32
		{F99B7286-2AAE-4ED6-BE2A-CD6D6DB2BFCD}.Release|x86.Build.0 = Release|Win32
		{9954F151-3352-4BE0-A83A-CB5CBE1FEA92}.Debug|x64.ActiveCfg = Debug|x64
		{9954F151-3352-4BE0-A83A-CB5CBE1FEA92}.Debug|x64.Build.0 = Debug|x64
		{9954F151-3352-4BE0-A83A-CB5CBE1FEA92}.Debug|x86.ActiveCfg = Debug|Win32
		{9954F151-3352-4BE0-A83A-CB5CBE1FEA92}.Debug|x86.Build.0 = Debug|Win32
		{9954F151-3352-4BE0-A83A-CB5CBE1FEA92}.Release|x64.ActiveCfg = Release|x64
		{9954F151-3352-4BE0-A83A-CB5CBE1FEA92}.Release|x64.Build.0 = Release|x64
		{9954F151-3352-4BE0-A83A-CB5CBE1FEA92}.Release|x86.ActiveCfg = Release|Win32
		{9954F151-3352-4BE0-A83A-CB5CBE1FEA92}.Release|x86.Build.0 = Release|Win32
		{4C8DC0E0-B9BC-46CA-AF55-917040A750D9}.Debug|x64.ActiveCfg = Debug|x64
		{4C8DC0E0-B9BC-46CA-AF55-917040A750D9}.Debug|x64.Build.0 = Debug|x64
		{4C8DC0E0-B9BC-46CA-AF55-917040A750D9}.Debug|x86.ActiveCfg = Debug|Win32
		{4C8DC0E0-B9BC-46CA-AF55-917040A750D9}.Debug|x86.Build.0 = Debug|Win32
		{4C8DC0E0-B9BC-46CA-AF55-917040A750D9}.Release|x64.ActiveCfg = Release|x64
		{4C8DC0E0-B9BC-46CA-AF55-917040A750D9}.Release|x64.Build.0 = Release|x64
		{4C8DC0E0-B9BC-46CA-AF55-917040A750D9}.Release|x86.ActiveCfg = Release|Win32
		{4C8DC0E0-B9BC-46CA-AF55-917040A750D9}.Release|x86.Build.0 = Release|Win32
		{0B44893D-7798-4657-BFA5-10860578BAF8}.Debug|x64.ActiveCfg = Debug|x64
		{0B44893D-7798-4657-BFA5-10860578BAF8}.Debug|x64.Build.0 = Debug|x64
		{0B44893D-7798-4657-BFA5-10860578BAF8}.Debug|x86.ActiveCfg = Debug|Win32
		{0B44893D-7798-4657-BFA5-10860578BAF8}.Debug|x86.Build.0 = Debug|Win32
		{0B44893D-7798-4657-BFA5-10860578BAF8}.Release|x64.ActiveCfg = Release|x64
		{0B44893D-7798-4657-BFA5-10860578BAF8}.Release|x64.Build.0 = Release|x64
		{0B44893D-7798-4657-BFA5-10860578BAF8}.Release|x86.ActiveCfg = Release|Win32
		{0B44893D-7798-4657-BFA5-10860578BAF8}.Release|x86.Build.0 = Release|Win32
		{03BD6FF9-676D-4E0C-9F8E-530122841DA7}.Debug|x64.ActiveCfg = Debug|x64
		{03BD6FF9-676D-4E0C-9F8E-530122841DA7}.Debug|x64.Build.0 = Debug|x64
		{03BD6FF9-676D-4E0C-9F8E-530122841DA7}.Debug|x86.ActiveCfg = Debug|Win32
		{03BD6FF9-676D-4E0C-9F8E-530122841DA7}.Debug|x86.Build.0 = Debug|Win32
		{03BD6FF9-676D-4E0C-9F8E-530122841DA7}.Release|x64.ActiveCfg = Release|x64
		{03BD6FF9-676D-4E0C-9F8E-530122841DA7}.Release|x64.Build.0 = Release|x64
		{03BD6FF9-676D-4E0C-9F8E-530122841DA7}.Release|x86.ActiveCfg = Release|Win32
		{03BD6FF9-676D-4E0C-9F8E-530122841DA7}.Release|x86.Build.0 = Release|Win32
		{9ED2FC1F-8AB6-4818-AD97-091F6D2AB915}.Debug|x64.ActiveCfg = Debug|x64
		{9ED2FC1F-8AB6-4818-AD97-091F6D2AB915}.Debug|x64.Build.0 = Debug|x64
		{9ED2FC1F-8AB6-4818-AD97-091F6D2AB915}.Debug|x86.ActiveCfg = Debug|Win32
		{9ED2FC1F-8AB6-4818-AD97-091F6D2AB915}.Debug|x86.Build.0 = Debug|Win32
		{9ED2FC1F-8AB6-4818-AD97-091F6D2AB915}.Release|x64.ActiveCfg = Release|x64
		{9ED2FC1F-8AB6-4818-AD97-091F6D2AB915}.Release|x64.Build.0 = Release|x64
		{9ED2FC1F-8AB6-4818-AD97-091F6D2AB915}.Release|x86.ActiveCfg = Release|Win32
		{9ED2FC1F-8AB6-4818-AD97-091F6D2AB915}.Release|x86.Build.0 = Release|Win32
		{09E30F27-3A64-4EEC-B5A5-93484568948A}.Debug|x64.ActiveCfg = Debug|x64
		{09E30F27-3A64-4EEC-B5A5-93484568948A}.Debug|x64.Build.0 = Debug|x64
		{09E30F27-3A64-4EEC-B5A5-93484568948A}.Debug|x86.ActiveCfg = Debug|Win32
		{09E30F27-3A64-4EEC-B5A5-93484568948A}.Debug|x86.Build.0 = Debug|Win32
		{09E30F27-3A64-4EEC-B5A5-93484568948A}.Release|x64.ActiveCfg = Release|x64
		{09E30F27-3A64-4EEC-B5A5-93484568948A}.Release|x64.Build.0 = Release|x64
		{09E30F27-3A64-4EEC-B5A5-93484568948A}.Release|x86.ActiveCfg = Release|Win32
		{09E30F27-3A64-4EEC-B5A5-93484568948A}.Release|x86.Build.0 = Release|Win32
		{8232DE21-E3E6-4C20-822C-96111EF36436}.Debug|x64.ActiveCfg = Debug|x64
		{8232DE21-E3E6-4C20-822C-96111EF36436}.Debug|x64.Build.0 = Debug|x64
		{8232DE21-E3E6-4C20-822C-96111EF36436}.Debug|x86.ActiveCfg = Debug|Win32
		{8232DE21-E3E6-4C20-822C-96111EF36436}.Debug|x86.Build.0 = Debug|Win32
		{8232DE21-E3E6-4C20-822C-96111EF36436}.Release|x64.ActiveCfg = Release|x64
		{8232DE21-E3E6-4C20-822C-96111EF36436}.Release|x64.Build.0 = Release|x64
		{8232DE21-E3E6-4C20-822C-96111EF36436}.Release|x86.ActiveCfg = Release|Win32
		{8232DE21-E3E6-4C20-822C-96111EF36436}.Release|x86.Build.0 = Release|Win32
		{57C62960-91B4-4A9B-93C3-277E11555CF0}.Debug|x64.ActiveCfg = Debug|x64
		{57C62960-91B4-4A9B-93C3-277E11555CF0}.Debug|x64.Build.0 = Debug|x64
		{57C62960-91B4-4A9B-93C3-277E11555CF0}.Debug|x86.ActiveCfg = Debug|Win32
		{57C62960-91B4-4A9B-93C3-277E11555CF0}.Debug|x86.Build.0 = Debug|Win32
		{57C62960-91B4-4A9B-93C3-277E11555CF0}.Release|x64.ActiveCfg = Release|x64
		{57C62960-91B4-4A9B-93C3-277E11555CF0}.Release|x64.Build.0 = Release|x64
		{57C62960-91B4-4A9B-93C3-277E11555CF0}.Release|x86.ActiveCfg = Release|Win32
		{57C62960-91B4-4A9B-93C3-277E11555CF0}.Release|x86.Build.0 = Release|Win32
		{08B9C329-7D22-4A28-9368-F7AE0F053C99}.Debug|x64.ActiveCfg = Debug|x64
		{08B9C329-7D22-4A28-9368-F7AE0F053C99}.Debug|x64.Build.0 = Debug|x64
		{08B9C329-7D22-4A28-9368-F7AE0F053C99}.Debug|x86.ActiveCfg = Debug|Win32
		{08B9C329-7D22-4A28-9368-F7AE0F053C99}.Debug|x86.Build.0 = Debug|Win32
		{08B9C329-7D22-4A28-9368-F7AE0F053C99}.Release|x64.ActiveCfg = Release|x64
		{08B9C329-7D22-4A28-9368-F7AE0F053C99}.Release|x64.Build.0 = Release|x64
		{08B9C329-7D22-4A28-9368-F7AE0F053C99}.Release|x86.ActiveCfg = Release|Win32
		{08B9C329-7D22-4A28-9368-F7AE0F053C99}.Release|x86.Build.0 = Release|Win32
		{A21DE88F-98C6-4802-BE80-C829482DBDD2}.Debug|x64.ActiveCfg = Debug|x64
		{A21DE88F-98C6-4802-BE80-C829482DBDD2}.Debug|x64.Build.0 = Debug|x64
		{A21DE88F-98C6-4802-BE80-C829482DBDD2}.Debug|x86.ActiveCfg = Debug|Win32
		{A21DE88F-98C6-4802-BE80-C829482DBDD2}.Debug|x86.Build.0 = Debug|Win32
		{A21DE88F-98C6-4802-BE80-C829482DBDD2}.Release|x64.ActiveCfg = Release|x64
		{A21DE88F-98C6-4802-BE80-C829482DBDD2}.Release|x64.Build.0 = Release|x64
		{A21DE88F-98C6-4802-BE80-C829482DBDD2}.Release|x86.ActiveCfg = Release|Win32
		{A21DE88F-98C6-4802-BE80-C829482DBDD2}.Release|x86.Build.0 = Release|Win32
	EndGlobalSection
	GlobalSection(SolutionProperties) = preSolution
		HideSolutionNode = FALSE
	EndGlobalSection
	GlobalSection(NestedProjects) = preSolution
		{C4DA8899-24C1-4580-BA24-9A6E4AAD6A54} = {0D668D40-5389-4E58-94CC-15B5FED7D647}
		{C44AB770-6A43-48AF-9099-74F421E556FD} = {0D668D40-5389-4E58-94CC-15B5FED7D647}
		{C783FB79-922D-4E26-8CBE-C26327E8F0FB} = {0D668D40-5389-4E58-94CC-15B5FED7D647}
		{CC4571F5-DCD7-4AAB-A4C3-0070B7690B03} = {0D668D40-5389-4E58-94CC-15B5FED7D647}
		{FBA319D9-D9DF-4495-BEFC-767E790D0ACD} = {0D668D40-5389-4E58-94CC-15B5FED7D647}
		{53AA1BB5-80F1-47C2-A53D-5E0E69EFC636} = {0D668D40-5389-4E58-94CC-15B5FED7D647}
		{79651D33-C08C-4E09-AA11-29F468493124} = {0D668D40-5389-4E58-94CC-15B5FED7D647}
		{260B7BCB-9BED-4E3D-90E0-DEFE62482D40} = {0D668D40-5389-4E58-94CC-15B5FED7D647}
		{0BAD93D1-6D74-48A6-84F8-ED8981926022} = {0D668D40-5389-4E58-94CC-15B5FED7D647}
		{463BC599-9FF1-4139-BDEA-E6500368FD67} = {0D668D40-5389-4E58-94CC-15B5FED7D647}
		{47067BB2-AF1F-4A94-886B-1944AEE273DD} = {19A02923-F006-40F5-8C53-68FAC135AD2D}
		{AB9E6F8D-84AA-4C0D-A1E4-A8B2861D02BB} = {19A02923-F006-40F5-8C53-68FAC135AD2D}
		{5EB70BB7-6BCE-4361-9303-4C3C22CBDFD5} = {19A02923-F006-40F5-8C53-68FAC135AD2D}
		{562F2CBC-7853-4F68-88F3-258641F3ADE2} = {19A02923-F006-40F5-8C53-68FAC135AD2D}
		{EF2CE5BE-DF51-415D-AAE7-4AC9F71583FE} = {19A02923-F006-40F5-8C53-68FAC135AD2D}
		{9DB25D0A-68B0-4E13-B5E3-FA3B9B7A314E} = {19A02923-F006-40F5-8C53-68FAC135AD2D}
		{7D051A9F-B428-4C8A-86F1-F114C382FCFF} = {19A02923-F006-40F5-8C53-68FAC135AD2D}
		{20E98FD0-2568-4BB2-9AE0-48753EA998EE} = {19A02923-F006-40F5-8C53-68FAC135AD2D}
		{59DDA49D-3980-46E3-8D1C-AD92334BBFD2} = {19A02923-F006-40F5-8C53-68FAC135AD2D}
		{44BEE3FB-B101-4FDB-8FD4-0A56FE213ACA} = {FD7B1380-1D5C-403B-9771-92532DB0C415}
		{249E69E1-F978-4198-B538-5978F8FF8B52} = {FD7B1380-1D5C-403B-9771-92532DB0C415}
		{CE2B3760-6EBF-4015-8FB9-30D0F97BFCC5} = {FD7B1380-1D5C-403B-9771-92532DB0C415}
		{921CD202-692F-4668-B3AB-E79BDE03F93D} = {FD7B1380-1D5C-403B-9771-92532DB0C415}
		{F99B7286-2AAE-4ED6-BE2A-CD6D6DB2BFCD} = {FD7B1380-1D5C-403B-9771-92532DB0C415}
		{9954F151-3352-4BE0-A83A-CB5CBE1FEA92} = {33D4791C-AE00-47DE-9D92-D35E5199DD3C}
		{4C8DC0E0-B9BC-46CA-AF55-917040A750D9} = {33D4791C-AE00-47DE-9D92-D35E5199DD3C}
		{0B44893D-7798-4657-BFA5-10860578BAF8} = {33D4791C-AE00-47DE-9D92-D35E5199DD3C}
		{03BD6FF9-676D-4E0C-9F8E-530122841DA7} = {33D4791C-AE00-47DE-9D92-D35E5199DD3C}
		{9ED2FC1F-8AB6-4818-AD97-091F6D2AB915} = {33D4791C-AE00-47DE-9D92-D35E5199DD3C}
		{09E30F27-3A64-4EEC-B5A5-93484568948A} = {33D4791C-AE00-47DE-9D92-D35E5199DD3C}
		{8232DE21-E3E6-4C20-822C-96111EF36436} = {33D4791C-AE00-47DE-9D92-D35E5199DD3C}
		{57C62960-91B4-4A9B-93C3-277E11555CF0} = {33D4791C-AE00-47DE-9D92-D35E5199DD3C}
		{08B9C329-7D22-4A28-9368-F7AE0F053C99} = {33D4791C-AE00-47DE-9D92-D35E5199DD3C}
		{A21DE88F-98C6-4802-BE80-C829482DBDD2} = {02EA681E-C7D8-13C7-8484-4AC65E1B71E8}
	EndGlobalSection
	GlobalSection(ExtensibilityGlobals) = postSolution
		SolutionGuid = {DE5ADB6B-3C6A-4393-92F2-73B10EEFD025}
	EndGlobalSection
EndGlobal
