
Microsoft Visual Studio Solution File, Format Version 12.00
# Visual Studio Version 17
VisualStudioVersion = 17.13.35919.96
MinimumVisualStudioVersion = 10.0.40219.1
Project("{8BC9CEB8-8B4A-11D0-8D11-00A0C91BC942}") = "Problem01-NumberToText", "Problem01-NumberToText\Problem01-NumberToText.vcxproj", "{C4DA8899-24C1-4580-BA24-9A6E4AAD6A54}"
EndProject
Project("{8BC9CEB8-8B4A-11D0-8D11-00A0C91BC942}") = "Problem02-LeapYear", "Problem02-LeapYear\Problem02-LeapYear.vcxproj", "{C44AB770-6A43-48AF-9099-74F421E556FD}"
EndProject
Project("{8BC9CEB8-8B4A-11D0-8D11-00A0C91BC942}") = "Problem03-LeapYear1Line", "Problem03-LeapYear1Line\Problem03-LeapYear1Line.vcxproj", "{C783FB79-922D-4E26-8CBE-C26327E8F0FB}"
EndProject
Project("{8BC9CEB8-8B4A-11D0-8D11-00A0C91BC942}") = "Problem04-DaysHoursMinutesSecondsInYear", "Problem04-DaysHoursMinutesSecondsInYear\Problem04-DaysHoursMinutesSecondsInYear.vcxproj", "{CC4571F5-DCD7-4AAB-A4C3-0070B7690B03}"
EndProject
Project("{8BC9CEB8-8B4A-11D0-8D11-00A0C91BC942}") = "Problem05-DaysHourMinsInMonthYear", "Problem05-DaysHourMinsInMonthYear\Problem05-DaysHourMinsInMonthYear.vcxproj", "{FBA319D9-D9DF-4495-BEFC-767E790D0ACD}"
EndProject
Project("{8BC9CEB8-8B4A-11D0-8D11-00A0C91BC942}") = "Problem06-NumberOfDaysInMonthV2", "Problem06-NumberOfDaysInMonthV2\Problem06-NumberOfDaysInMonthV2.vcxproj", "{53AA1BB5-80F1-47C2-A53D-5E0E69EFC636}"
EndProject
Project("{8BC9CEB8-8B4A-11D0-8D11-00A0C91BC942}") = "Problem07-DayNameAndOrderFormADate", "Problem07-DayNameAndOrderFormADate\Problem07-DayNameAndOrderFormADate.vcxproj", "{79651D33-C08C-4E09-AA11-29F468493124}"
EndProject
Project("{8BC9CEB8-8B4A-11D0-8D11-00A0C91BC942}") = "Problem08-MonthCalendar", "Problem08-MonthCalendar\Problem08-MonthCalendar.vcxproj", "{260B7BCB-9BED-4E3D-90E0-DEFE62482D40}"
EndProject
Project("{8BC9CEB8-8B4A-11D0-8D11-00A0C91BC942}") = "Problem09-YearCalender", "Problem09-YearCalender\Problem09-YearCalender.vcxproj", "{0BAD93D1-6D74-48A6-84F8-ED8981926022}"
EndProject
Project("{8BC9CEB8-8B4A-11D0-8D11-00A0C91BC942}") = "Problem10-DaysPassedFromBeginningOfYear", "Problem10-DaysPassedFromBeginningOfYear\Problem10-DaysPassedFromBeginningOfYear.vcxproj", "{463BC599-9FF1-4139-BDEA-E6500368FD67}"
EndProject
Project("{8BC9CEB8-8B4A-11D0-8D11-00A0C91BC942}") = "Problem11-ConverTotalDaysToDate", "Problem11-ConverTotalDaysToDate\Problem11-ConverTotalDaysToDate.vcxproj", "{47067BB2-AF1F-4A94-886B-1944AEE273DD}"
EndProject
Project("{8BC9CEB8-8B4A-11D0-8D11-00A0C91BC942}") = "Problem12-AddDaysToDate", "Problem12-AddDaysToDate\Problem12-AddDaysToDate.vcxproj", "{AB9E6F8D-84AA-4C0D-A1E4-A8B2861D02BB}"
EndProject
Global
	GlobalSection(SolutionConfigurationPlatforms) = preSolution
		Debug|x64 = Debug|x64
		Debug|x86 = Debug|x86
		Release|x64 = Release|x64
		Release|x86 = Release|x86
	EndGlobalSection
	GlobalSection(ProjectConfigurationPlatforms) = postSolution
		{C4DA8899-24C1-4580-BA24-9A6E4AAD6A54}.Debug|x64.ActiveCfg = Debug|x64
		{C4DA8899-24C1-4580-BA24-9A6E4AAD6A54}.Debug|x64.Build.0 = Debug|x64
		{C4DA8899-24C1-4580-BA24-9A6E4AAD6A54}.Debug|x86.ActiveCfg = Debug|Win32
		{C4DA8899-24C1-4580-BA24-9A6E4AAD6A54}.Debug|x86.Build.0 = Debug|Win32
		{C4DA8899-24C1-4580-BA24-9A6E4AAD6A54}.Release|x64.ActiveCfg = Release|x64
		{C4DA8899-24C1-4580-BA24-9A6E4AAD6A54}.Release|x64.Build.0 = Release|x64
		{C4DA8899-24C1-4580-BA24-9A6E4AAD6A54}.Release|x86.ActiveCfg = Release|Win32
		{C4DA8899-24C1-4580-BA24-9A6E4AAD6A54}.Release|x86.Build.0 = Release|Win32
		{C44AB770-6A43-48AF-9099-74F421E556FD}.Debug|x64.ActiveCfg = Debug|x64
		{C44AB770-6A43-48AF-9099-74F421E556FD}.Debug|x64.Build.0 = Debug|x64
		{C44AB770-6A43-48AF-9099-74F421E556FD}.Debug|x86.ActiveCfg = Debug|Win32
		{C44AB770-6A43-48AF-9099-74F421E556FD}.Debug|x86.Build.0 = Debug|Win32
		{C44AB770-6A43-48AF-9099-74F421E556FD}.Release|x64.ActiveCfg = Release|x64
		{C44AB770-6A43-48AF-9099-74F421E556FD}.Release|x64.Build.0 = Release|x64
		{C44AB770-6A43-48AF-9099-74F421E556FD}.Release|x86.ActiveCfg = Release|Win32
		{C44AB770-6A43-48AF-9099-74F421E556FD}.Release|x86.Build.0 = Release|Win32
		{C783FB79-922D-4E26-8CBE-C26327E8F0FB}.Debug|x64.ActiveCfg = Debug|x64
		{C783FB79-922D-4E26-8CBE-C26327E8F0FB}.Debug|x64.Build.0 = Debug|x64
		{C783FB79-922D-4E26-8CBE-C26327E8F0FB}.Debug|x86.ActiveCfg = Debug|Win32
		{C783FB79-922D-4E26-8CBE-C26327E8F0FB}.Debug|x86.Build.0 = Debug|Win32
		{C783FB79-922D-4E26-8CBE-C26327E8F0FB}.Release|x64.ActiveCfg = Release|x64
		{C783FB79-922D-4E26-8CBE-C26327E8F0FB}.Release|x64.Build.0 = Release|x64
		{C783FB79-922D-4E26-8CBE-C26327E8F0FB}.Release|x86.ActiveCfg = Release|Win32
		{C783FB79-922D-4E26-8CBE-C26327E8F0FB}.Release|x86.Build.0 = Release|Win32
		{CC4571F5-DCD7-4AAB-A4C3-0070B7690B03}.Debug|x64.ActiveCfg = Debug|x64
		{CC4571F5-DCD7-4AAB-A4C3-0070B7690B03}.Debug|x64.Build.0 = Debug|x64
		{CC4571F5-DCD7-4AAB-A4C3-0070B7690B03}.Debug|x86.ActiveCfg = Debug|Win32
		{CC4571F5-DCD7-4AAB-A4C3-0070B7690B03}.Debug|x86.Build.0 = Debug|Win32
		{CC4571F5-DCD7-4AAB-A4C3-0070B7690B03}.Release|x64.ActiveCfg = Release|x64
		{CC4571F5-DCD7-4AAB-A4C3-0070B7690B03}.Release|x64.Build.0 = Release|x64
		{CC4571F5-DCD7-4AAB-A4C3-0070B7690B03}.Release|x86.ActiveCfg = Release|Win32
		{CC4571F5-DCD7-4AAB-A4C3-0070B7690B03}.Release|x86.Build.0 = Release|Win32
		{FBA319D9-D9DF-4495-BEFC-767E790D0ACD}.Debug|x64.ActiveCfg = Debug|x64
		{FBA319D9-D9DF-4495-BEFC-767E790D0ACD}.Debug|x64.Build.0 = Debug|x64
		{FBA319D9-D9DF-4495-BEFC-767E790D0ACD}.Debug|x86.ActiveCfg = Debug|Win32
		{FBA319D9-D9DF-4495-BEFC-767E790D0ACD}.Debug|x86.Build.0 = Debug|Win32
		{FBA319D9-D9DF-4495-BEFC-767E790D0ACD}.Release|x64.ActiveCfg = Release|x64
		{FBA319D9-D9DF-4495-BEFC-767E790D0ACD}.Release|x64.Build.0 = Release|x64
		{FBA319D9-D9DF-4495-BEFC-767E790D0ACD}.Release|x86.ActiveCfg = Release|Win32
		{FBA319D9-D9DF-4495-BEFC-767E790D0ACD}.Release|x86.Build.0 = Release|Win32
		{53AA1BB5-80F1-47C2-A53D-5E0E69EFC636}.Debug|x64.ActiveCfg = Debug|x64
		{53AA1BB5-80F1-47C2-A53D-5E0E69EFC636}.Debug|x64.Build.0 = Debug|x64
		{53AA1BB5-80F1-47C2-A53D-5E0E69EFC636}.Debug|x86.ActiveCfg = Debug|Win32
		{53AA1BB5-80F1-47C2-A53D-5E0E69EFC636}.Debug|x86.Build.0 = Debug|Win32
		{53AA1BB5-80F1-47C2-A53D-5E0E69EFC636}.Release|x64.ActiveCfg = Release|x64
		{53AA1BB5-80F1-47C2-A53D-5E0E69EFC636}.Release|x64.Build.0 = Release|x64
		{53AA1BB5-80F1-47C2-A53D-5E0E69EFC636}.Release|x86.ActiveCfg = Release|Win32
		{53AA1BB5-80F1-47C2-A53D-5E0E69EFC636}.Release|x86.Build.0 = Release|Win32
		{79651D33-C08C-4E09-AA11-29F468493124}.Debug|x64.ActiveCfg = Debug|x64
		{79651D33-C08C-4E09-AA11-29F468493124}.Debug|x64.Build.0 = Debug|x64
		{79651D33-C08C-4E09-AA11-29F468493124}.Debug|x86.ActiveCfg = Debug|Win32
		{79651D33-C08C-4E09-AA11-29F468493124}.Debug|x86.Build.0 = Debug|Win32
		{79651D33-C08C-4E09-AA11-29F468493124}.Release|x64.ActiveCfg = Release|x64
		{79651D33-C08C-4E09-AA11-29F468493124}.Release|x64.Build.0 = Release|x64
		{79651D33-C08C-4E09-AA11-29F468493124}.Release|x86.ActiveCfg = Release|Win32
		{79651D33-C08C-4E09-AA11-29F468493124}.Release|x86.Build.0 = Release|Win32
		{260B7BCB-9BED-4E3D-90E0-DEFE62482D40}.Debug|x64.ActiveCfg = Debug|x64
		{260B7BCB-9BED-4E3D-90E0-DEFE62482D40}.Debug|x64.Build.0 = Debug|x64
		{260B7BCB-9BED-4E3D-90E0-DEFE62482D40}.Debug|x86.ActiveCfg = Debug|Win32
		{260B7BCB-9BED-4E3D-90E0-DEFE62482D40}.Debug|x86.Build.0 = Debug|Win32
		{260B7BCB-9BED-4E3D-90E0-DEFE62482D40}.Release|x64.ActiveCfg = Release|x64
		{260B7BCB-9BED-4E3D-90E0-DEFE62482D40}.Release|x64.Build.0 = Release|x64
		{260B7BCB-9BED-4E3D-90E0-DEFE62482D40}.Release|x86.ActiveCfg = Release|Win32
		{260B7BCB-9BED-4E3D-90E0-DEFE62482D40}.Release|x86.Build.0 = Release|Win32
		{0BAD93D1-6D74-48A6-84F8-ED8981926022}.Debug|x64.ActiveCfg = Debug|x64
		{0BAD93D1-6D74-48A6-84F8-ED8981926022}.Debug|x64.Build.0 = Debug|x64
		{0BAD93D1-6D74-48A6-84F8-ED8981926022}.Debug|x86.ActiveCfg = Debug|Win32
		{0BAD93D1-6D74-48A6-84F8-ED8981926022}.Debug|x86.Build.0 = Debug|Win32
		{0BAD93D1-6D74-48A6-84F8-ED8981926022}.Release|x64.ActiveCfg = Release|x64
		{0BAD93D1-6D74-48A6-84F8-ED8981926022}.Release|x64.Build.0 = Release|x64
		{0BAD93D1-6D74-48A6-84F8-ED8981926022}.Release|x86.ActiveCfg = Release|Win32
		{0BAD93D1-6D74-48A6-84F8-ED8981926022}.Release|x86.Build.0 = Release|Win32
		{463BC599-9FF1-4139-BDEA-E6500368FD67}.Debug|x64.ActiveCfg = Debug|x64
		{463BC599-9FF1-4139-BDEA-E6500368FD67}.Debug|x64.Build.0 = Debug|x64
		{463BC599-9FF1-4139-BDEA-E6500368FD67}.Debug|x86.ActiveCfg = Debug|Win32
		{463BC599-9FF1-4139-BDEA-E6500368FD67}.Debug|x86.Build.0 = Debug|Win32
		{463BC599-9FF1-4139-BDEA-E6500368FD67}.Release|x64.ActiveCfg = Release|x64
		{463BC599-9FF1-4139-BDEA-E6500368FD67}.Release|x64.Build.0 = Release|x64
		{463BC599-9FF1-4139-BDEA-E6500368FD67}.Release|x86.ActiveCfg = Release|Win32
		{463BC599-9FF1-4139-BDEA-E6500368FD67}.Release|x86.Build.0 = Release|Win32
		{47067BB2-AF1F-4A94-886B-1944AEE273DD}.Debug|x64.ActiveCfg = Debug|x64
		{47067BB2-AF1F-4A94-886B-1944AEE273DD}.Debug|x64.Build.0 = Debug|x64
		{47067BB2-AF1F-4A94-886B-1944AEE273DD}.Debug|x86.ActiveCfg = Debug|Win32
		{47067BB2-AF1F-4A94-886B-1944AEE273DD}.Debug|x86.Build.0 = Debug|Win32
		{47067BB2-AF1F-4A94-886B-1944AEE273DD}.Release|x64.ActiveCfg = Release|x64
		{47067BB2-AF1F-4A94-886B-1944AEE273DD}.Release|x64.Build.0 = Release|x64
		{47067BB2-AF1F-4A94-886B-1944AEE273DD}.Release|x86.ActiveCfg = Release|Win32
		{47067BB2-AF1F-4A94-886B-1944AEE273DD}.Release|x86.Build.0 = Release|Win32
		{AB9E6F8D-84AA-4C0D-A1E4-A8B2861D02BB}.Debug|x64.ActiveCfg = Debug|x64
		{AB9E6F8D-84AA-4C0D-A1E4-A8B2861D02BB}.Debug|x64.Build.0 = Debug|x64
		{AB9E6F8D-84AA-4C0D-A1E4-A8B2861D02BB}.Debug|x86.ActiveCfg = Debug|Win32
		{AB9E6F8D-84AA-4C0D-A1E4-A8B2861D02BB}.Debug|x86.Build.0 = Debug|Win32
		{AB9E6F8D-84AA-4C0D-A1E4-A8B2861D02BB}.Release|x64.ActiveCfg = Release|x64
		{AB9E6F8D-84AA-4C0D-A1E4-A8B2861D02BB}.Release|x64.Build.0 = Release|x64
		{AB9E6F8D-84AA-4C0D-A1E4-A8B2861D02BB}.Release|x86.ActiveCfg = Release|Win32
		{AB9E6F8D-84AA-4C0D-A1E4-A8B2861D02BB}.Release|x86.Build.0 = Release|Win32
	EndGlobalSection
	GlobalSection(SolutionProperties) = preSolution
		HideSolutionNode = FALSE
	EndGlobalSection
	GlobalSection(ExtensibilityGlobals) = postSolution
		SolutionGuid = {DE5ADB6B-3C6A-4393-92F2-73B10EEFD025}
	EndGlobalSection
EndGlobal
